
Microsoft Visual Studio Solution File, Format Version 12.00
# Visual Studio Version 17
VisualStudioVersion = 17.0.32112.339
MinimumVisualStudioVersion = 10.0.40219.1
Project("{FAE04EC0-301F-11D3-BF4B-00C04F79EFBC}") = "StudentRecordManagementApp", "StudentRecordManagementApp\StudentRecordManagementApp.csproj", "{B505C031-7C74-454D-807A-58AB9F507AC7}"
EndProject
Global
	GlobalSection(SolutionConfigurationPlatforms) = preSolution
		Debug|Any CPU = Debug|Any CPU
		Release|Any CPU = Release|Any CPU
	EndGlobalSection
	GlobalSection(ProjectConfigurationPlatforms) = postSolution
		{B505C031-7C74-454D-807A-58AB9F507AC7}.Debug|Any CPU.ActiveCfg = Debug|Any CPU
		{B505C031-7C74-454D-807A-58AB9F507AC7}.Debug|Any CPU.Build.0 = Debug|Any CPU
		{B505C031-7C74-454D-807A-58AB9F507AC7}.Release|Any CPU.ActiveCfg = Release|Any CPU
		{B505C031-7C74-454D-807A-58AB9F507AC7}.Release|Any CPU.Build.0 = Release|Any CPU
	EndGlobalSection
	GlobalSection(SolutionProperties) = preSolution
		HideSolutionNode = FALSE
	EndGlobalSection
	GlobalSection(ExtensibilityGlobals) = postSolution
		SolutionGuid = {94386AE1-8D50-42CE-854F-D6E3435E73C6}
	EndGlobalSection
EndGlobal
